
Microsoft Visual Studio Solution File, Format Version 12.00
# Visual Studio Version 17
VisualStudioVersion = 17.14.36414.22 d17.14
MinimumVisualStudioVersion = 10.0.40219.1
Project("{FAE04EC0-301F-11D3-BF4B-00C04F79EFBC}") = "OPLServer", "OPLServer\OPLServer.csproj", "{25CFFD37-0643-4F46-9390-E71326333FCD}"
EndProject
Global
	GlobalSection(SolutionConfigurationPlatforms) = preSolution
		Debug|Any CPU = Debug|Any CPU
		Release|Any CPU = Release|Any CPU
	EndGlobalSection
	GlobalSection(ProjectConfigurationPlatforms) = postSolution
		{25CFFD37-0643-4F46-9390-E71326333FCD}.Debug|Any CPU.ActiveCfg = Debug|Any CPU
		{25CFFD37-0643-4F46-9390-E71326333FCD}.Debug|Any CPU.Build.0 = Debug|Any CPU
		{25CFFD37-0643-4F46-9390-E71326333FCD}.Release|Any CPU.ActiveCfg = Release|Any CPU
		{25CFFD37-0643-4F46-9390-E71326333FCD}.Release|Any CPU.Build.0 = Release|Any CPU
	EndGlobalSection
	GlobalSection(SolutionProperties) = preSolution
		HideSolutionNode = FALSE
	EndGlobalSection
	GlobalSection(ExtensibilityGlobals) = postSolution
		SolutionGuid = {F49691D0-3045-48F2-A1CB-113B5E2B96CE}
	EndGlobalSection
EndGlobal
